
Microsoft Visual Studio Solution File, Format Version 12.00
# Visual Studio Version 16
VisualStudioVersion = 25.0.1703.7
MinimumVisualStudioVersion = 10.0.40219.1
Project("{FAE04EC0-301F-11D3-BF4B-00C04F79EFBC}") = "Infrastructure_layer", "Infrastructure_layer\Infrastructure_layer.csproj", "{D8E0D478-DDC6-4B9B-BB83-F524C0D06397}"
EndProject
Project("{FAE04EC0-301F-11D3-BF4B-00C04F79EFBC}") = "Data_layer", "Data_layer\Data_layer.csproj", "{AD49DC0C-26BB-474E-B7E0-B65B22F3179A}"
EndProject
Project("{FAE04EC0-301F-11D3-BF4B-00C04F79EFBC}") = "Presentation_layer", "Presentation_layer\Presentation_layer.csproj", "{3269B95F-57F1-4678-B705-A20C310FA958}"
EndProject
Global
	GlobalSection(SolutionConfigurationPlatforms) = preSolution
		Debug|Any CPU = Debug|Any CPU
		Release|Any CPU = Release|Any CPU
	EndGlobalSection
	GlobalSection(ProjectConfigurationPlatforms) = postSolution
		{D8E0D478-DDC6-4B9B-BB83-F524C0D06397}.Debug|Any CPU.ActiveCfg = Debug|Any CPU
		{D8E0D478-DDC6-4B9B-BB83-F524C0D06397}.Debug|Any CPU.Build.0 = Debug|Any CPU
		{D8E0D478-DDC6-4B9B-BB83-F524C0D06397}.Release|Any CPU.ActiveCfg = Release|Any CPU
		{D8E0D478-DDC6-4B9B-BB83-F524C0D06397}.Release|Any CPU.Build.0 = Release|Any CPU
		{AD49DC0C-26BB-474E-B7E0-B65B22F3179A}.Debug|Any CPU.ActiveCfg = Debug|Any CPU
		{AD49DC0C-26BB-474E-B7E0-B65B22F3179A}.Debug|Any CPU.Build.0 = Debug|Any CPU
		{3269B95F-57F1-4678-B705-A20C310FA958}.Debug|Any CPU.ActiveCfg = Debug|Any CPU
		{3269B95F-57F1-4678-B705-A20C310FA958}.Debug|Any CPU.Build.0 = Debug|Any CPU
		{3269B95F-57F1-4678-B705-A20C310FA958}.Release|Any CPU.ActiveCfg = Release|Any CPU
		{3269B95F-57F1-4678-B705-A20C310FA958}.Release|Any CPU.Build.0 = Release|Any CPU
	EndGlobalSection
	GlobalSection(SolutionProperties) = preSolution
		HideSolutionNode = FALSE
	EndGlobalSection
	GlobalSection(ExtensibilityGlobals) = postSolution
		SolutionGuid = {4FC813B2-6C15-49B7-B55E-494EBBA44272}
	EndGlobalSection
	GlobalSection(MonoDevelopProperties) = preSolution
		version = 0.0.0
		BaseDirectory = Presentation_layer
	EndGlobalSection
EndGlobal
